// !$*UTF8*$!
{
	archiveVersion = 1;
	classes = {
	};
	objectVersion = 50;
	objects = {

/* Begin PBXBuildFile section */
		448E5C2A2319545000157BA0 /* AppDelegate.swift in Sources */ = {isa = PBXBuildFile; fileRef = 448E5C292319545000157BA0 /* AppDelegate.swift */; };
		448E5C2C2319545000157BA0 /* MainVC.swift in Sources */ = {isa = PBXBuildFile; fileRef = 448E5C2B2319545000157BA0 /* MainVC.swift */; };
		448E5C2F2319545000157BA0 /* Main.storyboard in Resources */ = {isa = PBXBuildFile; fileRef = 448E5C2D2319545000157BA0 /* Main.storyboard */; };
		448E5C312319545100157BA0 /* Assets.xcassets in Resources */ = {isa = PBXBuildFile; fileRef = 448E5C302319545100157BA0 /* Assets.xcassets */; };
		448E5C342319545100157BA0 /* LaunchScreen.storyboard in Resources */ = {isa = PBXBuildFile; fileRef = 448E5C322319545100157BA0 /* LaunchScreen.storyboard */; };
		448E5C3F2319569500157BA0 /* TxtFields.swift in Sources */ = {isa = PBXBuildFile; fileRef = 448E5C3E2319569500157BA0 /* TxtFields.swift */; };
		448E5C472319683600157BA0 /* ShopparTests.swift in Sources */ = {isa = PBXBuildFile; fileRef = 448E5C462319683600157BA0 /* ShopparTests.swift */; };
		448E5C4F2319685A00157BA0 /* Wage.swift in Sources */ = {isa = PBXBuildFile; fileRef = 448E5C4E2319685A00157BA0 /* Wage.swift */; };
		448E5C50231969EA00157BA0 /* Wage.swift in Sources */ = {isa = PBXBuildFile; fileRef = 448E5C4E2319685A00157BA0 /* Wage.swift */; };
/* End PBXBuildFile section */

/* Begin PBXContainerItemProxy section */
		448E5C492319683600157BA0 /* PBXContainerItemProxy */ = {
			isa = PBXContainerItemProxy;
			containerPortal = 448E5C1E2319545000157BA0 /* Project object */;
			proxyType = 1;
			remoteGlobalIDString = 448E5C252319545000157BA0;
			remoteInfo = Shoppar;
		};
/* End PBXContainerItemProxy section */

/* Begin PBXFileReference section */
		448E5C262319545000157BA0 /* Shoppar.app */ = {isa = PBXFileReference; explicitFileType = wrapper.application; includeInIndex = 0; path = Shoppar.app; sourceTree = BUILT_PRODUCTS_DIR; };
		448E5C292319545000157BA0 /* AppDelegate.swift */ = {isa = PBXFileReference; lastKnownFileType = sourcecode.swift; path = AppDelegate.swift; sourceTree = "<group>"; };
		448E5C2B2319545000157BA0 /* MainVC.swift */ = {isa = PBXFileReference; lastKnownFileType = sourcecode.swift; path = MainVC.swift; sourceTree = "<group>"; };
		448E5C2E2319545000157BA0 /* Base */ = {isa = PBXFileReference; lastKnownFileType = file.storyboard; name = Base; path = Base.lproj/Main.storyboard; sourceTree = "<group>"; };
		448E5C302319545100157BA0 /* Assets.xcassets */ = {isa = PBXFileReference; lastKnownFileType = folder.assetcatalog; path = Assets.xcassets; sourceTree = "<group>"; };
		448E5C332319545100157BA0 /* Base */ = {isa = PBXFileReference; lastKnownFileType = file.storyboard; name = Base; path = Base.lproj/LaunchScreen.storyboard; sourceTree = "<group>"; };
		448E5C352319545100157BA0 /* Info.plist */ = {isa = PBXFileReference; lastKnownFileType = text.plist.xml; path = Info.plist; sourceTree = "<group>"; };
		448E5C3E2319569500157BA0 /* TxtFields.swift */ = {isa = PBXFileReference; lastKnownFileType = sourcecode.swift; path = TxtFields.swift; sourceTree = "<group>"; };
		448E5C442319683600157BA0 /* ShopparTests.xctest */ = {isa = PBXFileReference; explicitFileType = wrapper.cfbundle; includeInIndex = 0; path = ShopparTests.xctest; sourceTree = BUILT_PRODUCTS_DIR; };
		448E5C462319683600157BA0 /* ShopparTests.swift */ = {isa = PBXFileReference; lastKnownFileType = sourcecode.swift; path = ShopparTests.swift; sourceTree = "<group>"; };
		448E5C482319683600157BA0 /* Info.plist */ = {isa = PBXFileReference; lastKnownFileType = text.plist.xml; path = Info.plist; sourceTree = "<group>"; };
		448E5C4E2319685A00157BA0 /* Wage.swift */ = {isa = PBXFileReference; lastKnownFileType = sourcecode.swift; path = Wage.swift; sourceTree = "<group>"; };
/* End PBXFileReference section */

/* Begin PBXFrameworksBuildPhase section */
		448E5C232319545000157BA0 /* Frameworks */ = {
			isa = PBXFrameworksBuildPhase;
			buildActionMask = 2147483647;
			files = (
			);
			runOnlyForDeploymentPostprocessing = 0;
		};
		448E5C412319683600157BA0 /* Frameworks */ = {
			isa = PBXFrameworksBuildPhase;
			buildActionMask = 2147483647;
			files = (
			);
			runOnlyForDeploymentPostprocessing = 0;
		};
/* End PBXFrameworksBuildPhase section */

/* Begin PBXGroup section */
		448E5C1D2319545000157BA0 = {
			isa = PBXGroup;
			children = (
				448E5C282319545000157BA0 /* Shoppar */,
				448E5C452319683600157BA0 /* ShopparTests */,
				448E5C272319545000157BA0 /* Products */,
			);
			sourceTree = "<group>";
		};
		448E5C272319545000157BA0 /* Products */ = {
			isa = PBXGroup;
			children = (
				448E5C262319545000157BA0 /* Shoppar.app */,
				448E5C442319683600157BA0 /* ShopparTests.xctest */,
			);
			name = Products;
			sourceTree = "<group>";
		};
		448E5C282319545000157BA0 /* Shoppar */ = {
			isa = PBXGroup;
			children = (
				448E5C3C231954AD00157BA0 /* Model */,
				448E5C3D231954DC00157BA0 /* View */,
				448E5C3B2319548D00157BA0 /* Controller */,
				448E5C292319545000157BA0 /* AppDelegate.swift */,
				448E5C2D2319545000157BA0 /* Main.storyboard */,
				448E5C302319545100157BA0 /* Assets.xcassets */,
				448E5C322319545100157BA0 /* LaunchScreen.storyboard */,
				448E5C352319545100157BA0 /* Info.plist */,
			);
			path = Shoppar;
			sourceTree = "<group>";
		};
		448E5C3B2319548D00157BA0 /* Controller */ = {
			isa = PBXGroup;
			children = (
				448E5C2B2319545000157BA0 /* MainVC.swift */,
			);
			path = Controller;
			sourceTree = "<group>";
		};
		448E5C3C231954AD00157BA0 /* Model */ = {
			isa = PBXGroup;
			children = (
				448E5C4E2319685A00157BA0 /* Wage.swift */,
			);
			path = Model;
			sourceTree = "<group>";
		};
		448E5C3D231954DC00157BA0 /* View */ = {
			isa = PBXGroup;
			children = (
				448E5C3E2319569500157BA0 /* TxtFields.swift */,
			);
			path = View;
			sourceTree = "<group>";
		};
		448E5C452319683600157BA0 /* ShopparTests */ = {
			isa = PBXGroup;
			children = (
				448E5C462319683600157BA0 /* ShopparTests.swift */,
				448E5C482319683600157BA0 /* Info.plist */,
			);
			path = ShopparTests;
			sourceTree = "<group>";
		};
/* End PBXGroup section */

/* Begin PBXNativeTarget section */
		448E5C252319545000157BA0 /* Shoppar */ = {
			isa = PBXNativeTarget;
			buildConfigurationList = 448E5C382319545100157BA0 /* Build configuration list for PBXNativeTarget "Shoppar" */;
			buildPhases = (
				448E5C222319545000157BA0 /* Sources */,
				448E5C232319545000157BA0 /* Frameworks */,
				448E5C242319545000157BA0 /* Resources */,
			);
			buildRules = (
			);
			dependencies = (
			);
			name = Shoppar;
			productName = Shoppar;
			productReference = 448E5C262319545000157BA0 /* Shoppar.app */;
			productType = "com.apple.product-type.application";
		};
		448E5C432319683600157BA0 /* ShopparTests */ = {
			isa = PBXNativeTarget;
			buildConfigurationList = 448E5C4B2319683600157BA0 /* Build configuration list for PBXNativeTarget "ShopparTests" */;
			buildPhases = (
				448E5C402319683600157BA0 /* Sources */,
				448E5C412319683600157BA0 /* Frameworks */,
				448E5C422319683600157BA0 /* Resources */,
			);
			buildRules = (
			);
			dependencies = (
				448E5C4A2319683600157BA0 /* PBXTargetDependency */,
			);
			name = ShopparTests;
			productName = ShopparTests;
			productReference = 448E5C442319683600157BA0 /* ShopparTests.xctest */;
			productType = "com.apple.product-type.bundle.unit-test";
		};
/* End PBXNativeTarget section */

/* Begin PBXProject section */
		448E5C1E2319545000157BA0 /* Project object */ = {
			isa = PBXProject;
			attributes = {
				LastSwiftUpdateCheck = 1030;
				LastUpgradeCheck = 1030;
				ORGANIZATIONNAME = "Nazar Petruk";
				TargetAttributes = {
					448E5C252319545000157BA0 = {
						CreatedOnToolsVersion = 10.3;
					};
					448E5C432319683600157BA0 = {
						CreatedOnToolsVersion = 10.3;
						TestTargetID = 448E5C252319545000157BA0;
					};
				};
			};
			buildConfigurationList = 448E5C212319545000157BA0 /* Build configuration list for PBXProject "Shoppar" */;
			compatibilityVersion = "Xcode 9.3";
			developmentRegion = en;
			hasScannedForEncodings = 0;
			knownRegions = (
				en,
				Base,
			);
			mainGroup = 448E5C1D2319545000157BA0;
			productRefGroup = 448E5C272319545000157BA0 /* Products */;
			projectDirPath = "";
			projectRoot = "";
			targets = (
				448E5C252319545000157BA0 /* Shoppar */,
				448E5C432319683600157BA0 /* ShopparTests */,
			);
		};
/* End PBXProject section */

/* Begin PBXResourcesBuildPhase section */
		448E5C242319545000157BA0 /* Resources */ = {
			isa = PBXResourcesBuildPhase;
			buildActionMask = 2147483647;
			files = (
				448E5C342319545100157BA0 /* LaunchScreen.storyboard in Resources */,
				448E5C312319545100157BA0 /* Assets.xcassets in Resources */,
				448E5C2F2319545000157BA0 /* Main.storyboard in Resources */,
			);
			runOnlyForDeploymentPostprocessing = 0;
		};
		448E5C422319683600157BA0 /* Resources */ = {
			isa = PBXResourcesBuildPhase;
			buildActionMask = 2147483647;
			files = (
			);
			runOnlyForDeploymentPostprocessing = 0;
		};
/* End PBXResourcesBuildPhase section */

/* Begin PBXSourcesBuildPhase section */
		448E5C222319545000157BA0 /* Sources */ = {
			isa = PBXSourcesBuildPhase;
			buildActionMask = 2147483647;
			files = (
				448E5C2C2319545000157BA0 /* MainVC.swift in Sources */,
				448E5C4F2319685A00157BA0 /* Wage.swift in Sources */,
				448E5C3F2319569500157BA0 /* TxtFields.swift in Sources */,
				448E5C2A2319545000157BA0 /* AppDelegate.swift in Sources */,
			);
			runOnlyForDeploymentPostprocessing = 0;
		};
		448E5C402319683600157BA0 /* Sources */ = {
			isa = PBXSourcesBuildPhase;
			buildActionMask = 2147483647;
			files = (
				448E5C472319683600157BA0 /* ShopparTests.swift in Sources */,
				448E5C50231969EA00157BA0 /* Wage.swift in Sources */,
			);
			runOnlyForDeploymentPostprocessing = 0;
		};
/* End PBXSourcesBuildPhase section */

/* Begin PBXTargetDependency section */
		448E5C4A2319683600157BA0 /* PBXTargetDependency */ = {
			isa = PBXTargetDependency;
			target = 448E5C252319545000157BA0 /* Shoppar */;
			targetProxy = 448E5C492319683600157BA0 /* PBXContainerItemProxy */;
		};
/* End PBXTargetDependency section */

/* Begin PBXVariantGroup section */
		448E5C2D2319545000157BA0 /* Main.storyboard */ = {
			isa = PBXVariantGroup;
			children = (
				448E5C2E2319545000157BA0 /* Base */,
			);
			name = Main.storyboard;
			sourceTree = "<group>";
		};
		448E5C322319545100157BA0 /* LaunchScreen.storyboard */ = {
			isa = PBXVariantGroup;
			children = (
				448E5C332319545100157BA0 /* Base */,
			);
			name = LaunchScreen.storyboard;
			sourceTree = "<group>";
		};
/* End PBXVariantGroup section */

/* Begin XCBuildConfiguration section */
		448E5C362319545100157BA0 /* Debug */ = {
			isa = XCBuildConfiguration;
			buildSettings = {
				ALWAYS_SEARCH_USER_PATHS = NO;
				CLANG_ANALYZER_NONNULL = YES;
				CLANG_ANALYZER_NUMBER_OBJECT_CONVERSION = YES_AGGRESSIVE;
				CLANG_CXX_LANGUAGE_STANDARD = "gnu++14";
				CLANG_CXX_LIBRARY = "libc++";
				CLANG_ENABLE_MODULES = YES;
				CLANG_ENABLE_OBJC_ARC = YES;
				CLANG_ENABLE_OBJC_WEAK = YES;
				CLANG_WARN_BLOCK_CAPTURE_AUTORELEASING = YES;
				CLANG_WARN_BOOL_CONVERSION = YES;
				CLANG_WARN_COMMA = YES;
				CLANG_WARN_CONSTANT_CONVERSION = YES;
				CLANG_WARN_DEPRECATED_OBJC_IMPLEMENTATIONS = YES;
				CLANG_WARN_DIRECT_OBJC_ISA_USAGE = YES_ERROR;
				CLANG_WARN_DOCUMENTATION_COMMENTS = YES;
				CLANG_WARN_EMPTY_BODY = YES;
				CLANG_WARN_ENUM_CONVERSION = YES;
				CLANG_WARN_INFINITE_RECURSION = YES;
				CLANG_WARN_INT_CONVERSION = YES;
				CLANG_WARN_NON_LITERAL_NULL_CONVERSION = YES;
				CLANG_WARN_OBJC_IMPLICIT_RETAIN_SELF = YES;
				CLANG_WARN_OBJC_LITERAL_CONVERSION = YES;
				CLANG_WARN_OBJC_ROOT_CLASS = YES_ERROR;
				CLANG_WARN_RANGE_LOOP_ANALYSIS = YES;
				CLANG_WARN_STRICT_PROTOTYPES = YES;
				CLANG_WARN_SUSPICIOUS_MOVE = YES;
				CLANG_WARN_UNGUARDED_AVAILABILITY = YES_AGGRESSIVE;
				CLANG_WARN_UNREACHABLE_CODE = YES;
				CLANG_WARN__DUPLICATE_METHOD_MATCH = YES;
				CODE_SIGN_IDENTITY = "iPhone Developer";
				COPY_PHASE_STRIP = NO;
				DEBUG_INFORMATION_FORMAT = dwarf;
				ENABLE_STRICT_OBJC_MSGSEND = YES;
				ENABLE_TESTABILITY = YES;
				GCC_C_LANGUAGE_STANDARD = gnu11;
				GCC_DYNAMIC_NO_PIC = NO;
				GCC_NO_COMMON_BLOCKS = YES;
				GCC_OPTIMIZATION_LEVEL = 0;
				GCC_PREPROCESSOR_DEFINITIONS = (
					"DEBUG=1",
					"$(inherited)",
				);
				GCC_WARN_64_TO_32_BIT_CONVERSION = YES;
				GCC_WARN_ABOUT_RETURN_TYPE = YES_ERROR;
				GCC_WARN_UNDECLARED_SELECTOR = YES;
				GCC_WARN_UNINITIALIZED_AUTOS = YES_AGGRESSIVE;
				GCC_WARN_UNUSED_FUNCTION = YES;
				GCC_WARN_UNUSED_VARIABLE = YES;
				IPHONEOS_DEPLOYMENT_TARGET = 12.4;
				MTL_ENABLE_DEBUG_INFO = INCLUDE_SOURCE;
				MTL_FAST_MATH = YES;
				ONLY_ACTIVE_ARCH = YES;
				SDKROOT = iphoneos;
				SWIFT_ACTIVE_COMPILATION_CONDITIONS = DEBUG;
				SWIFT_OPTIMIZATION_LEVEL = "-Onone";
			};
			name = Debug;
		};
		448E5C372319545100157BA0 /* Release */ = {
			isa = XCBuildConfiguration;
			buildSettings = {
				ALWAYS_SEARCH_USER_PATHS = NO;
				CLANG_ANALYZER_NONNULL = YES;
				CLANG_ANALYZER_NUMBER_OBJECT_CONVERSION = YES_AGGRESSIVE;
				CLANG_CXX_LANGUAGE_STANDARD = "gnu++14";
				CLANG_CXX_LIBRARY = "libc++";
				CLANG_ENABLE_MODULES = YES;
				CLANG_ENABLE_OBJC_ARC = YES;
				CLANG_ENABLE_OBJC_WEAK = YES;
				CLANG_WARN_BLOCK_CAPTURE_AUTORELEASING = YES;
				CLANG_WARN_BOOL_CONVERSION = YES;
				CLANG_WARN_COMMA = YES;
				CLANG_WARN_CONSTANT_CONVERSION = YES;
				CLANG_WARN_DEPRECATED_OBJC_IMPLEMENTATIONS = YES;
				CLANG_WARN_DIRECT_OBJC_ISA_USAGE = YES_ERROR;
				CLANG_WARN_DOCUMENTATION_COMMENTS = YES;
				CLANG_WARN_EMPTY_BODY = YES;
				CLANG_WARN_ENUM_CONVERSION = YES;
				CLANG_WARN_INFINITE_RECURSION = YES;
				CLANG_WARN_INT_CONVERSION = YES;
				CLANG_WARN_NON_LITERAL_NULL_CONVERSION = YES;
				CLANG_WARN_OBJC_IMPLICIT_RETAIN_SELF = YES;
				CLANG_WARN_OBJC_LITERAL_CONVERSION = YES;
				CLANG_WARN_OBJC_ROOT_CLASS = YES_ERROR;
				CLANG_WARN_RANGE_LOOP_ANALYSIS = YES;
				CLANG_WARN_STRICT_PROTOTYPES = YES;
				CLANG_WARN_SUSPICIOUS_MOVE = YES;
				CLANG_WARN_UNGUARDED_AVAILABILITY = YES_AGGRESSIVE;
				CLANG_WARN_UNREACHABLE_CODE = YES;
				CLANG_WARN__DUPLICATE_METHOD_MATCH = YES;
				CODE_SIGN_IDENTITY = "iPhone Developer";
				COPY_PHASE_STRIP = NO;
				DEBUG_INFORMATION_FORMAT = "dwarf-with-dsym";
				ENABLE_NS_ASSERTIONS = NO;
				ENABLE_STRICT_OBJC_MSGSEND = YES;
				GCC_C_LANGUAGE_STANDARD = gnu11;
				GCC_NO_COMMON_BLOCKS = YES;
				GCC_WARN_64_TO_32_BIT_CONVERSION = YES;
				GCC_WARN_ABOUT_RETURN_TYPE = YES_ERROR;
				GCC_WARN_UNDECLARED_SELECTOR = YES;
				GCC_WARN_UNINITIALIZED_AUTOS = YES_AGGRESSIVE;
				GCC_WARN_UNUSED_FUNCTION = YES;
				GCC_WARN_UNUSED_VARIABLE = YES;
				IPHONEOS_DEPLOYMENT_TARGET = 12.4;
				MTL_ENABLE_DEBUG_INFO = NO;
				MTL_FAST_MATH = YES;
				SDKROOT = iphoneos;
				SWIFT_COMPILATION_MODE = wholemodule;
				SWIFT_OPTIMIZATION_LEVEL = "-O";
				VALIDATE_PRODUCT = YES;
			};
			name = Release;
		};
		448E5C392319545100157BA0 /* Debug */ = {
			isa = XCBuildConfiguration;
			buildSettings = {
				ASSETCATALOG_COMPILER_APPICON_NAME = AppIcon;
				CODE_SIGN_STYLE = Automatic;
				DEVELOPMENT_TEAM = PRZ43Q4HD7;
				INFOPLIST_FILE = Shoppar/Info.plist;
				LD_RUNPATH_SEARCH_PATHS = (
					"$(inherited)",
					"@executable_path/Frameworks",
				);
				PRODUCT_BUNDLE_IDENTIFIER = com.nazar.Shoppar;
				PRODUCT_NAME = "$(TARGET_NAME)";
				SWIFT_VERSION = 5.0;
				TARGETED_DEVICE_FAMILY = "1,2";
			};
			name = Debug;
		};
		448E5C3A2319545100157BA0 /* Release */ = {
			isa = XCBuildConfiguration;
			buildSettings = {
				ASSETCATALOG_COMPILER_APPICON_NAME = AppIcon;
				CODE_SIGN_STYLE = Automatic;
				DEVELOPMENT_TEAM = PRZ43Q4HD7;
				INFOPLIST_FILE = Shoppar/Info.plist;
				LD_RUNPATH_SEARCH_PATHS = (
					"$(inherited)",
					"@executable_path/Frameworks",
				);
				PRODUCT_BUNDLE_IDENTIFIER = com.nazar.Shoppar;
				PRODUCT_NAME = "$(TARGET_NAME)";
				SWIFT_VERSION = 5.0;
				TARGETED_DEVICE_FAMILY = "1,2";
			};
			name = Release;
		};
		448E5C4C2319683600157BA0 /* Debug */ = {
			isa = XCBuildConfiguration;
			buildSettings = {
				BUNDLE_LOADER = "$(TEST_HOST)";
				CODE_SIGN_STYLE = Automatic;
				DEVELOPMENT_TEAM = PRZ43Q4HD7;
				INFOPLIST_FILE = ShopparTests/Info.plist;
				LD_RUNPATH_SEARCH_PATHS = (
					"$(inherited)",
					"@executable_path/Frameworks",
					"@loader_path/Frameworks",
				);
				PRODUCT_BUNDLE_IDENTIFIER = com.nazar.ShopparTests;
				PRODUCT_NAME = "$(TARGET_NAME)";
				SWIFT_VERSION = 5.0;
				TARGETED_DEVICE_FAMILY = "1,2";
				TEST_HOST = "$(BUILT_PRODUCTS_DIR)/Shoppar.app/Shoppar";
			};
			name = Debug;
		};
		448E5C4D2319683600157BA0 /* Release */ = {
			isa = XCBuildConfiguration;
			buildSettings = {
				BUNDLE_LOADER = "$(TEST_HOST)";
				CODE_SIGN_STYLE = Automatic;
				DEVELOPMENT_TEAM = PRZ43Q4HD7;
				INFOPLIST_FILE = ShopparTests/Info.plist;
				LD_RUNPATH_SEARCH_PATHS = (
					"$(inherited)",
					"@executable_path/Frameworks",
					"@loader_path/Frameworks",
				);
				PRODUCT_BUNDLE_IDENTIFIER = com.nazar.ShopparTests;
				PRODUCT_NAME = "$(TARGET_NAME)";
				SWIFT_VERSION = 5.0;
				TARGETED_DEVICE_FAMILY = "1,2";
				TEST_HOST = "$(BUILT_PRODUCTS_DIR)/Shoppar.app/Shoppar";
			};
			name = Release;
		};
/* End XCBuildConfiguration section */

/* Begin XCConfigurationList section */
		448E5C212319545000157BA0 /* Build configuration list for PBXProject "Shoppar" */ = {
			isa = XCConfigurationList;
			buildConfigurations = (
				448E5C362319545100157BA0 /* Debug */,
				448E5C372319545100157BA0 /* Release */,
			);
			defaultConfigurationIsVisible = 0;
			defaultConfigurationName = Release;
		};
		448E5C382319545100157BA0 /* Build configuration list for PBXNativeTarget "Shoppar" */ = {
			isa = XCConfigurationList;
			buildConfigurations = (
				448E5C392319545100157BA0 /* Debug */,
				448E5C3A2319545100157BA0 /* Release */,
			);
			defaultConfigurationIsVisible = 0;
			defaultConfigurationName = Release;
		};
		448E5C4B2319683600157BA0 /* Build configuration list for PBXNativeTarget "ShopparTests" */ = {
			isa = XCConfigurationList;
			buildConfigurations = (
				448E5C4C2319683600157BA0 /* Debug */,
				448E5C4D2319683600157BA0 /* Release */,
			);
			defaultConfigurationIsVisible = 0;
			defaultConfigurationName = Release;
		};
/* End XCConfigurationList section */
	};
	rootObject = 448E5C1E2319545000157BA0 /* Project object */;
}
